{
    "_readme": [
        "This file locks the dependencies of your project to a known state",
        "Read more about it at https://getcomposer.org/doc/01-basic-usage.md#composer-lock-the-lock-file",
        "This file is @generated automatically"
    ],
    "hash": "baddd41aa83eb68856e98b8367ffcd18",
    "content-hash": "73ea2b927db4389f3ea9f27a92aced77",
    "packages": [
        {
            "name": "electrolinux/phpquery",
            "version": "dev-master",
            "source": {
                "type": "git",
                "url": "https://github.com/electrolinux/phpquery.git",
                "reference": "196aa28b33c17ff31016cb5aed3c229c49dc743c"
            },
            "dist": {
                "type": "zip",
                "url": "https://api.github.com/repos/electrolinux/phpquery/zipball/196aa28b33c17ff31016cb5aed3c229c49dc743c",
                "reference": "196aa28b33c17ff31016cb5aed3c229c49dc743c",
                "shasum": ""
            },
            "type": "library",
            "autoload": {
                "classmap": [
                    "phpQuery/"
                ]
            },
            "notification-url": "https://packagist.org/downloads/",
            "license": [
                "MIT"
            ],
            "authors": [
                {
                    "name": "Tobiasz Cudnik",
                    "email": "tobiasz.cudnik@gmail.com",
                    "homepage": "https://github.com/TobiaszCudnik",
                    "role": "Developer"
                },
                {
                    "name": "didier Belot",
                    "role": "Packager"
                }
            ],
            "description": "phpQuery is a server-side, chainable, CSS3 selector driven Document Object Model (DOM) API based on jQuery JavaScript Library",
            "homepage": "http://code.google.com/p/phpquery/",
            "time": "2016-03-24 10:32:29"
        }
    ],
    "packages-dev": [],
    "aliases": [],
    "minimum-stability": "dev",
    "stability-flags": {
        "electrolinux/phpquery": 20
    },
    "prefer-stable": false,
    "prefer-lowest": false,
    "platform": [],
    "platform-dev": []
}
